
Microsoft Visual Studio Solution File, Format Version 12.00
# Visual Studio Version 17
VisualStudioVersion = 17.11.35303.130
MinimumVisualStudioVersion = 10.0.40219.1
Project("{9A19103F-16F7-4668-BE54-9A1E7A4F7556}") = "NoSQLProject", "NoSQLProject\NoSQLProject.csproj", "{027BFBB3-1843-46C8-9367-B9A9069F87F7}"
EndProject
Global
	GlobalSection(SolutionConfigurationPlatforms) = preSolution
		Debug|Any CPU = Debug|Any CPU
		Release|Any CPU = Release|Any CPU
	EndGlobalSection
	GlobalSection(ProjectConfigurationPlatforms) = postSolution
		{027BFBB3-1843-46C8-9367-B9A9069F87F7}.Debug|Any CPU.ActiveCfg = Debug|Any CPU
		{027BFBB3-1843-46C8-9367-B9A9069F87F7}.Debug|Any CPU.Build.0 = Debug|Any CPU
		{027BFBB3-1843-46C8-9367-B9A9069F87F7}.Release|Any CPU.ActiveCfg = Release|Any CPU
		{027BFBB3-1843-46C8-9367-B9A9069F87F7}.Release|Any CPU.Build.0 = Release|Any CPU
	EndGlobalSection
	GlobalSection(SolutionProperties) = preSolution
		HideSolutionNode = FALSE
	EndGlobalSection
	GlobalSection(ExtensibilityGlobals) = postSolution
		SolutionGuid = {2E920667-A1D7-41C6-B91E-AF034115702D}
	EndGlobalSection
EndGlobal
